
Microsoft Visual Studio Solution File, Format Version 12.00
# Visual Studio Version 17
VisualStudioVersion = 17.5.002.0
MinimumVisualStudioVersion = 10.0.40219.1
Project("{9A19103F-16F7-4668-BE54-9A1E7A4F7556}") = "DesafioFundamentos", "DesafioFundamentos.csproj", "{83B99DD8-AE08-4608-9535-FC6720F15061}"
EndProject
Global
	GlobalSection(SolutionConfigurationPlatforms) = preSolution
		Debug|Any CPU = Debug|Any CPU
		Release|Any CPU = Release|Any CPU
	EndGlobalSection
	GlobalSection(ProjectConfigurationPlatforms) = postSolution
		{83B99DD8-AE08-4608-9535-FC6720F15061}.Debug|Any CPU.ActiveCfg = Debug|Any CPU
		{83B99DD8-AE08-4608-9535-FC6720F15061}.Debug|Any CPU.Build.0 = Debug|Any CPU
		{83B99DD8-AE08-4608-9535-FC6720F15061}.Release|Any CPU.ActiveCfg = Release|Any CPU
		{83B99DD8-AE08-4608-9535-FC6720F15061}.Release|Any CPU.Build.0 = Release|Any CPU
	EndGlobalSection
	GlobalSection(SolutionProperties) = preSolution
		HideSolutionNode = FALSE
	EndGlobalSection
	GlobalSection(ExtensibilityGlobals) = postSolution
		SolutionGuid = {5FD0642E-011D-4024-91BF-4C712B6E267E}
	EndGlobalSection
EndGlobal
